lockfileVersion: '6.0'
settings:
  autoInstallPeers: true
  excludeLinksFromLockfile: false
overrides:
  '@pija-ab/next-dashboard': file:./package
importers:
  .:
    devDependencies:
      execa:
        specifier: ^7.1.1
        version: 7.1.1
      js-yaml:
        specifier: ^4.1.0
        version: 4.1.0
      semver:
        specifier: ^7.5.4
        version: 7.5.4
  package:
    dependencies:
      react-dom:
        specifier: ^18.0.1
        version: 18.2.0(react@18.2.0)
      tailwindcss-rtl:
        specifier: '*'
        version: 0.9.0
    devDependencies:
      '@headlessui/react':
        specifier: ^1.7.15
        version: 1.7.15(react-dom@18.2.0)(react@18.2.0)
      '@heroicons/react':
        specifier: ^2.0.18
        version: 2.0.18(react@18.2.0)
      '@next/swc':
        specifier: npm:@next/swc-linux-x64-gnu@^13.4.12
        version: /@next/swc-linux-x64-gnu@13.4.12
      '@tailwindcss/forms':
        specifier: ^0.5.4
        version: 0.5.4(tailwindcss@3.3.3)
      '@types/node':
        specifier: ^14.18.54
        version: 14.18.54
      '@types/react':
        specifier: ^18.2.15
        version: 18.2.15
      '@types/react-dom':
        specifier: ^18.2.7
        version: 18.2.7
      '@types/recharts':
        specifier: ^1.8.24
        version: 1.8.24
      '@typescript-eslint/eslint-plugin':
        specifier: ^5.62.0
        version: >-
          5.62.0(@typescript-eslint/parser@5.62.0)(eslint@8.45.0)(typescript@5.0.4)
      '@typescript-eslint/parser':
        specifier: ^5.62.0
        version: 5.62.0(eslint@8.45.0)(typescript@5.0.4)
      autoprefixer:
        specifier: ^10.4.14
        version: 10.4.14(postcss@8.4.27)
      classnames:
        specifier: ^2.3.2
        version: 2.3.2
      eslint:
        specifier: ^8.45.0
        version: 8.45.0
      eslint-config-airbnb:
        specifier: ^19.0.4
        version: >-
          19.0.4(eslint-plugin-import@2.27.5)(eslint-plugin-jsx-a11y@6.7.1)(eslint-plugin-react-hooks@4.6.0)(eslint-plugin-react@7.33.0)(eslint@8.45.0)
      eslint-config-airbnb-typescript:
        specifier: ^17.1.0
        version: >-
          17.1.0(@typescript-eslint/eslint-plugin@5.62.0)(@typescript-eslint/parser@5.62.0)(eslint-plugin-import@2.27.5)(eslint@8.45.0)
      eslint-config-prettier:
        specifier: ^8.8.0
        version: 8.8.0(eslint@8.45.0)
      eslint-import-resolver-alias:
        specifier: ^1.1.2
        version: 1.1.2(eslint-plugin-import@2.27.5)
      eslint-plugin-import:
        specifier: ^2.27.5
        version: 2.27.5(@typescript-eslint/parser@5.62.0)(eslint@8.45.0)
      eslint-plugin-jsx-a11y:
        specifier: ^6.7.1
        version: 6.7.1(eslint@8.45.0)
      eslint-plugin-prettier:
        specifier: ^5.0.0
        version: 5.0.0(eslint-config-prettier@8.8.0)(eslint@8.45.0)(prettier@3.0.0)
      eslint-plugin-react:
        specifier: ^7.33.0
        version: 7.33.0(eslint@8.45.0)
      eslint-plugin-react-hooks:
        specifier: ^4.6.0
        version: 4.6.0(eslint@8.45.0)
      next:
        specifier: ^13.4.12
        version: 13.4.12(@babel/core@7.22.9)(react-dom@18.2.0)(react@18.2.0)
      postcss:
        specifier: ^8.4.27
        version: 8.4.27
      postcss-import:
        specifier: ^14.1.0
        version: 14.1.0(postcss@8.4.27)
      prettier:
        specifier: ^3.0.0
        version: 3.0.0
      react:
        specifier: ^18.2.0
        version: 18.2.0
      react-tooltip:
        specifier: ^4.5.1
        version: 4.5.1(react-dom@18.2.0)(react@18.2.0)
      rimraf:
        specifier: ^3.0.2
        version: 3.0.2
      stylelint:
        specifier: ^13.13.1
        version: 13.13.1
      stylelint-config-recommended:
        specifier: ^3.0.0
        version: 3.0.0(stylelint@13.13.1)
      tailwindcss:
        specifier: ^3.3.3
        version: 3.3.3(ts-node@10.2.1)
      typescript:
        specifier: ~5.0.4
        version: 5.0.4
packages:
  /@babel/core@7.22.9:
    resolution:
      integrity: >-
        sha512-G2EgeufBcYw27U4hhoIwFcgc1XU7TlXJ3mv04oOv1WCuo900U/anZSPzEqNjwdjgffkk2Gs0AN0dW1CKVLcG7w==
    engines:
      node: '>=6.9.0'
    dependencies:
      '@ampproject/remapping': 2.2.1
      '@babel/code-frame': 7.22.5
      '@babel/generator': 7.22.9
      '@babel/helper-compilation-targets': 7.22.9(@babel/core@7.22.9)
      '@babel/helper-module-transforms': 7.22.9(@babel/core@7.22.9)
      '@babel/helpers': 7.22.6
      '@babel/parser': 7.22.7
      '@babel/template': 7.22.5
      '@babel/traverse': 7.22.8
      '@babel/types': 7.22.5
      convert-source-map: 1.9.0
      debug: 4.3.4
      gensync: 1.0.0-beta.2
      json5: 2.2.3
      semver: 6.3.1
    transitivePeerDependencies:
      - supports-color
  /@headlessui/react@1.7.15(react-dom@18.2.0)(react@18.2.0):
    resolution:
      integrity: >-
        sha512-OTO0XtoRQ6JPB1cKNFYBZv2Q0JMqMGNhYP1CjPvcJvjz8YGokz8oAj89HIYZGN0gZzn/4kk9iUpmMF4Q21Gsqw==
    engines:
      node: '>=10'
    peerDependencies:
      react: ^16 || ^17 || ^18
      react-dom: ^16 || ^17 || ^18
    dependencies:
      client-only: 0.0.1
      react: 18.2.0
      react-dom: 18.2.0(react@18.2.0)
  /@heroicons/react@2.0.18(react@18.2.0):
    resolution:
      integrity: >-
        sha512-7TyMjRrZZMBPa+/5Y8lN0iyvUU/01PeMGX2+RE7cQWpEUIcb4QotzUObFkJDejj/HUH4qjP/eQ0gzzKs2f+6Yw==
    peerDependencies:
      react: '>= 16'
    dependencies:
      react: 18.2.0
  /@tailwindcss/forms@0.5.4(tailwindcss@3.3.3):
    resolution:
      integrity: >-
        sha512-YAm12D3R7/9Mh4jFbYSMnsd6jG++8KxogWgqs7hbdo/86aWjjlIEvL7+QYdVELmAI0InXTpZqFIg5e7aDVWI2Q==
    peerDependencies:
      tailwindcss: '>=3.0.0 || >= 3.0.0-alpha.1'
    dependencies:
      mini-svg-data-uri: 1.4.4
      tailwindcss: 3.3.3(ts-node@10.2.1)
  /@types/node@14.18.54:
    resolution:
      integrity: >-
        sha512-uq7O52wvo2Lggsx1x21tKZgqkJpvwCseBBPtX/nKQfpVlEsLOb11zZ1CRsWUKvJF0+lzuA9jwvA7Pr2Wt7i3xw==
    dev: true
  /@types/react-dom@18.2.7:
    resolution:
      integrity: >-
        sha512-GRaAEriuT4zp9N4p1i8BDBYmEyfo+xQ3yHjJU4eiK5NDa1RmUZG+unZABUTK4/Ox/M+GaHwb6Ow8rUITrtjszA==
    dependencies:
      '@types/react': 18.2.15
    dev: true
  /@types/react@18.2.15:
    resolution:
      integrity: >-
        sha512-oEjE7TQt1fFTFSbf8kkNuc798ahTUzn3Le67/PWjE8MAfYAD/qB7O8hSTcromLFqHCt9bcdOg5GXMokzTjJ5SA==
    dependencies:
      '@types/prop-types': 15.7.5
      '@types/scheduler': 0.16.3
      csstype: 3.1.2
  /@types/recharts@1.8.24:
    resolution:
      integrity: >-
        sha512-PGugStujgxjMOUUJuGIrw71MIhTtl/FeNzuWZVDTS7Kq8NdiQfMrlC6GXJIvlQcrsUIn9IcXbi6sZJjK+6kfLQ==
    dependencies:
      '@types/d3-shape': 1.3.8
      '@types/react': 18.2.15
    dev: true
  /@typescript-eslint/eslint-plugin@5.62.0(@typescript-eslint/parser@5.62.0)(eslint@8.45.0)(typescript@5.0.4):
    resolution:
      integrity: >-
        sha512-TiZzBSJja/LbhNPvk6yc0JrX9XqhQ0hdh6M2svYfsHGejaKFIAGd9MQ+ERIMzLGlN/kZoYIgdxFV0PuljTKXag==
    engines:
      node: ^12.22.0 || ^14.17.0 || >=16.0.0
    peerDependencies:
      '@typescript-eslint/parser': ^5.0.0
      eslint: ^6.0.0 || ^7.0.0 || ^8.0.0
      typescript: '*'
    peerDependenciesMeta:
      typescript:
        optional: true
    dependencies:
      '@eslint-community/regexpp': 4.6.1
      '@typescript-eslint/parser': 5.62.0(eslint@8.45.0)(typescript@5.0.4)
      '@typescript-eslint/scope-manager': 5.62.0
      '@typescript-eslint/type-utils': 5.62.0(eslint@8.45.0)(typescript@5.0.4)
      '@typescript-eslint/utils': 5.62.0(eslint@8.45.0)(typescript@5.0.4)
      debug: 4.3.4
      eslint: 8.45.0
      graphemer: 1.4.0
      ignore: 5.2.4
      natural-compare-lite: 1.4.0
      semver: 7.5.4
      tsutils: 3.21.0(typescript@5.0.4)
      typescript: 5.0.4
    transitivePeerDependencies:
      - supports-color
    dev: true
  /@typescript-eslint/parser@5.62.0(eslint@8.45.0)(typescript@5.0.4):
    resolution:
      integrity: >-
        sha512-VlJEV0fOQ7BExOsHYAGrgbEiZoi8D+Bl2+f6V2RrXerRSylnp+ZBHmPvaIa8cz0Ajx7WO7Z5RqfgYg7ED1nRhA==
    engines:
      node: ^12.22.0 || ^14.17.0 || >=16.0.0
    peerDependencies:
      eslint: ^6.0.0 || ^7.0.0 || ^8.0.0
      typescript: '*'
    peerDependenciesMeta:
      typescript:
        optional: true
    dependencies:
      '@typescript-eslint/scope-manager': 5.62.0
      '@typescript-eslint/types': 5.62.0
      '@typescript-eslint/typescript-estree': 5.62.0(typescript@5.0.4)
      debug: 4.3.4
      eslint: 8.45.0
      typescript: 5.0.4
    transitivePeerDependencies:
      - supports-color
    dev: true
  /autoprefixer@10.4.14(postcss@8.4.27):
    resolution:
      integrity: >-
        sha512-FQzyfOsTlwVzjHxKEqRIAdJx9niO6VCBCoEwax/VLSoQF29ggECcPuBqUMZ+u8jCZOPSy8b8/8KnuFbp0SaFZQ==
    engines:
      node: ^10 || ^12 || >=14
    hasBin: true
    peerDependencies:
      postcss: ^8.1.0
    dependencies:
      browserslist: 4.21.9
      caniuse-lite: 1.0.30001517
      fraction.js: 4.2.0
      normalize-range: 0.1.2
      picocolors: 1.0.0
      postcss: 8.4.27
      postcss-value-parser: 4.2.0
  /classnames@2.3.2:
    resolution:
      integrity: >-
        sha512-CSbhY4cFEJRe6/GQzIk5qXZ4Jeg5pcsP7b5peFSDpffpe1cqjASH/n9UTjBwOp6XpMSTwQ8Za2K5V02ueA7Tmw==
  /eslint-config-airbnb-typescript@17.1.0(@typescript-eslint/eslint-plugin@5.62.0)(@typescript-eslint/parser@5.62.0)(eslint-plugin-import@2.27.5)(eslint@8.45.0):
    resolution:
      integrity: >-
        sha512-GPxI5URre6dDpJ0CtcthSZVBAfI+Uw7un5OYNVxP2EYi3H81Jw701yFP7AU+/vCE7xBtFmjge7kfhhk4+RAiig==
    peerDependencies:
      '@typescript-eslint/eslint-plugin': ^5.13.0 || ^6.0.0
      '@typescript-eslint/parser': ^5.0.0 || ^6.0.0
      eslint: ^7.32.0 || ^8.2.0
      eslint-plugin-import: ^2.25.3
    dependencies:
      '@typescript-eslint/eslint-plugin': >-
        5.62.0(@typescript-eslint/parser@5.62.0)(eslint@8.45.0)(typescript@4.9.3)
      '@typescript-eslint/parser': 5.62.0(eslint@8.45.0)(typescript@4.9.3)
      eslint: 8.45.0
      eslint-config-airbnb-base: 15.0.0(eslint-plugin-import@2.27.5)(eslint@8.45.0)
      eslint-plugin-import: 2.27.5(@typescript-eslint/parser@5.62.0)(eslint@8.45.0)
    dev: true
  /eslint-config-airbnb@19.0.4(eslint-plugin-import@2.27.5)(eslint-plugin-jsx-a11y@6.7.1)(eslint-plugin-react-hooks@4.6.0)(eslint-plugin-react@7.33.0)(eslint@8.45.0):
    resolution:
      integrity: >-
        sha512-T75QYQVQX57jiNgpF9r1KegMICE94VYwoFQyMGhrvc+lB8YF2E/M/PYDaQe1AJcWaEgqLE+ErXV1Og/+6Vyzew==
    engines:
      node: ^10.12.0 || ^12.22.0 || ^14.17.0 || >=16.0.0
    peerDependencies:
      eslint: ^7.32.0 || ^8.2.0
      eslint-plugin-import: ^2.25.3
      eslint-plugin-jsx-a11y: ^6.5.1
      eslint-plugin-react: ^7.28.0
      eslint-plugin-react-hooks: ^4.3.0
    dependencies:
      eslint: 8.45.0
      eslint-config-airbnb-base: 15.0.0(eslint-plugin-import@2.27.5)(eslint@8.45.0)
      eslint-plugin-import: 2.27.5(@typescript-eslint/parser@5.62.0)(eslint@8.45.0)
      eslint-plugin-jsx-a11y: 6.7.1(eslint@8.45.0)
      eslint-plugin-react: 7.33.0(eslint@8.45.0)
      eslint-plugin-react-hooks: 4.6.0(eslint@8.45.0)
      object.assign: 4.1.4
      object.entries: 1.1.6
    dev: true
  /eslint-config-prettier@8.8.0(eslint@8.45.0):
    resolution:
      integrity: >-
        sha512-wLbQiFre3tdGgpDv67NQKnJuTlcUVYHas3k+DZCc2U2BadthoEY4B7hLPvAxaqdyOGCzuLfii2fqGph10va7oA==
    hasBin: true
    peerDependencies:
      eslint: '>=7.0.0'
    dependencies:
      eslint: 8.45.0
    dev: true
  /eslint-import-resolver-alias@1.1.2(eslint-plugin-import@2.27.5):
    resolution:
      integrity: >-
        sha512-WdviM1Eu834zsfjHtcGHtGfcu+F30Od3V7I9Fi57uhBEwPkjDcii7/yW8jAT+gOhn4P/vOxxNAXbFAKsrrc15w==
    engines:
      node: '>= 4'
    peerDependencies:
      eslint-plugin-import: '>=1.4.0'
    dependencies:
      eslint-plugin-import: 2.27.5(@typescript-eslint/parser@5.62.0)(eslint@8.45.0)
    dev: true
  /eslint-plugin-import@2.27.5(@typescript-eslint/parser@5.62.0)(eslint@8.45.0):
    resolution:
      integrity: >-
        sha512-LmEt3GVofgiGuiE+ORpnvP+kAm3h6MLZJ4Q5HCyHADofsb4VzXFsRiWj3c0OFiV+3DWFh0qg3v9gcPlfc3zRow==
    engines:
      node: '>=4'
    peerDependencies:
      '@typescript-eslint/parser': '*'
      eslint: ^2 || ^3 || ^4 || ^5 || ^6 || ^7.2.0 || ^8
    peerDependenciesMeta:
      '@typescript-eslint/parser':
        optional: true
    dependencies:
      '@typescript-eslint/parser': 5.62.0(eslint@8.45.0)(typescript@4.9.3)
      array-includes: 3.1.6
      array.prototype.flat: 1.3.1
      array.prototype.flatmap: 1.3.1
      debug: 3.2.7(supports-color@5.5.0)
      doctrine: 2.1.0
      eslint: 8.45.0
      eslint-import-resolver-node: 0.3.7
      eslint-module-utils: >-
        2.8.0(@typescript-eslint/parser@5.62.0)(eslint-import-resolver-node@0.3.7)(eslint@8.45.0)
      has: 1.0.3
      is-core-module: 2.12.1
      is-glob: 4.0.3
      minimatch: 3.1.2
      object.values: 1.1.6
      resolve: 1.22.2
      semver: 6.3.1
      tsconfig-paths: 3.14.2
    transitivePeerDependencies:
      - eslint-import-resolver-typescript
      - eslint-import-resolver-webpack
      - supports-color
    dev: true
  /eslint-plugin-jsx-a11y@6.7.1(eslint@8.45.0):
    resolution:
      integrity: >-
        sha512-63Bog4iIethyo8smBklORknVjB0T2dwB8Mr/hIC+fBS0uyHdYYpzM/Ed+YC8VxTjlXHEWFOdmgwcDn1U2L9VCA==
    engines:
      node: '>=4.0'
    peerDependencies:
      eslint: ^3 || ^4 || ^5 || ^6 || ^7 || ^8
    dependencies:
      '@babel/runtime': 7.22.6
      aria-query: 5.3.0
      array-includes: 3.1.6
      array.prototype.flatmap: 1.3.1
      ast-types-flow: 0.0.7
      axe-core: 4.7.2
      axobject-query: 3.2.1
      damerau-levenshtein: 1.0.8
      emoji-regex: 9.2.2
      eslint: 8.45.0
      has: 1.0.3
      jsx-ast-utils: 3.3.4
      language-tags: 1.0.5
      minimatch: 3.1.2
      object.entries: 1.1.6
      object.fromentries: 2.0.6
      semver: 6.3.1
    dev: true
  /eslint-plugin-prettier@5.0.0(eslint-config-prettier@8.8.0)(eslint@8.45.0)(prettier@3.0.0):
    resolution:
      integrity: >-
        sha512-AgaZCVuYDXHUGxj/ZGu1u8H8CYgDY3iG6w5kUFw4AzMVXzB7VvbKgYR4nATIN+OvUrghMbiDLeimVjVY5ilq3w==
    engines:
      node: ^14.18.0 || >=16.0.0
    peerDependencies:
      '@types/eslint': '>=8.0.0'
      eslint: '>=8.0.0'
      eslint-config-prettier: '*'
      prettier: '>=3.0.0'
    peerDependenciesMeta:
      '@types/eslint':
        optional: true
      eslint-config-prettier:
        optional: true
    dependencies:
      eslint: 8.45.0
      eslint-config-prettier: 8.8.0(eslint@8.45.0)
      prettier: 3.0.0
      prettier-linter-helpers: 1.0.0
      synckit: 0.8.5
    dev: true
  /eslint-plugin-react-hooks@4.6.0(eslint@8.45.0):
    resolution:
      integrity: >-
        sha512-oFc7Itz9Qxh2x4gNHStv3BqJq54ExXmfC+a1NjAta66IAN87Wu0R/QArgIS9qKzX3dXKPI9H5crl9QchNMY9+g==
    engines:
      node: '>=10'
    peerDependencies:
      eslint: ^3.0.0 || ^4.0.0 || ^5.0.0 || ^6.0.0 || ^7.0.0 || ^8.0.0-0
    dependencies:
      eslint: 8.45.0
    dev: true
  /eslint-plugin-react@7.33.0(eslint@8.45.0):
    resolution:
      integrity: >-
        sha512-qewL/8P34WkY8jAqdQxsiL82pDUeT7nhs8IsuXgfgnsEloKCT4miAV9N9kGtx7/KM9NH/NCGUE7Edt9iGxLXFw==
    engines:
      node: '>=4'
    peerDependencies:
      eslint: ^3 || ^4 || ^5 || ^6 || ^7 || ^8
    dependencies:
      array-includes: 3.1.6
      array.prototype.flatmap: 1.3.1
      array.prototype.tosorted: 1.1.1
      doctrine: 2.1.0
      eslint: 8.45.0
      estraverse: 5.3.0
      jsx-ast-utils: 3.3.4
      minimatch: 3.1.2
      object.entries: 1.1.6
      object.fromentries: 2.0.6
      object.hasown: 1.1.2
      object.values: 1.1.6
      prop-types: 15.8.1
      resolve: 2.0.0-next.4
      semver: 6.3.1
      string.prototype.matchall: 4.0.8
    dev: true
  /eslint@8.45.0:
    resolution:
      integrity: >-
        sha512-pd8KSxiQpdYRfYa9Wufvdoct3ZPQQuVuU5O6scNgMuOMYuxvH0IGaYK0wUFjo4UYYQQCUndlXiMbnxopwvvTiw==
    engines:
      node: ^12.22.0 || ^14.17.0 || >=16.0.0
    hasBin: true
    dependencies:
      '@eslint-community/eslint-utils': 4.4.0(eslint@8.45.0)
      '@eslint-community/regexpp': 4.6.1
      '@eslint/eslintrc': 2.1.0
      '@eslint/js': 8.44.0
      '@humanwhocodes/config-array': 0.11.10
      '@humanwhocodes/module-importer': 1.0.1
      '@nodelib/fs.walk': 1.2.8
      ajv: 6.12.6
      chalk: 4.1.2
      cross-spawn: 7.0.3
      debug: 4.3.4
      doctrine: 3.0.0
      escape-string-regexp: 4.0.0
      eslint-scope: 7.2.1
      eslint-visitor-keys: 3.4.1
      espree: 9.6.1
      esquery: 1.5.0
      esutils: 2.0.3
      fast-deep-equal: 3.1.3
      file-entry-cache: 6.0.1
      find-up: 5.0.0
      glob-parent: 6.0.2
      globals: 13.20.0
      graphemer: 1.4.0
      ignore: 5.2.4
      imurmurhash: 0.1.4
      is-glob: 4.0.3
      is-path-inside: 3.0.3
      js-yaml: 4.1.0
      json-stable-stringify-without-jsonify: 1.0.1
      levn: 0.4.1
      lodash.merge: 4.6.2
      minimatch: 3.1.2
      natural-compare: 1.4.0
      optionator: 0.9.3
      strip-ansi: 6.0.1
      text-table: 0.2.0
    transitivePeerDependencies:
      - supports-color
    dev: true
  /execa@7.1.1:
    resolution:
      integrity: >-
        sha512-wH0eMf/UXckdUYnO21+HDztteVv05rq2GXksxT4fCGeHkBhw1DROXh40wcjMcRqDOWE7iPJ4n3M7e2+YFP+76Q==
    engines:
      node: ^14.18.0 || ^16.14.0 || >=18.0.0
    dependencies:
      cross-spawn: 7.0.3
      get-stream: 6.0.1
      human-signals: 4.3.1
      is-stream: 3.0.0
      merge-stream: 2.0.0
      npm-run-path: 5.1.0
      onetime: 6.0.0
      signal-exit: 3.0.7
      strip-final-newline: 3.0.0
    dev: true
  /js-yaml@4.1.0:
    resolution:
      integrity: >-
        sha512-wpxZs9NoxZaJESJGIZTyDEaYpl0FKSA+FB9aJiyemKhMwkxQg63h4T1KJgUGHpTqPDNRcmmYLugrRjJlBtWvRA==
    hasBin: true
    dependencies:
      argparse: 2.0.1
  /next@13.4.12(@babel/core@7.22.9)(react-dom@18.2.0)(react@18.2.0):
    resolution:
      integrity: >-
        sha512-eHfnru9x6NRmTMcjQp6Nz0J4XH9OubmzOa7CkWL+AUrUxpibub3vWwttjduu9No16dug1kq04hiUUpo7J3m3Xw==
    engines:
      node: '>=16.8.0'
    hasBin: true
    peerDependencies:
      '@opentelemetry/api': ^1.1.0
      fibers: '>= 3.1.0'
      react: ^18.2.0
      react-dom: ^18.2.0
      sass: ^1.3.0
    peerDependenciesMeta:
      '@opentelemetry/api':
        optional: true
      fibers:
        optional: true
      sass:
        optional: true
    dependencies:
      '@next/env': 13.4.12
      '@swc/helpers': 0.5.1
      busboy: 1.6.0
      caniuse-lite: 1.0.30001517
      postcss: 8.4.14
      react: 18.2.0
      react-dom: 18.2.0(react@18.2.0)
      styled-jsx: 5.1.1(@babel/core@7.22.9)(react@18.2.0)
      watchpack: 2.4.0
      zod: 3.21.4
    optionalDependencies:
      '@next/swc-darwin-arm64': 13.4.12
      '@next/swc-darwin-x64': 13.4.12
      '@next/swc-linux-arm64-gnu': 13.4.12
      '@next/swc-linux-arm64-musl': 13.4.12
      '@next/swc-linux-x64-gnu': 13.4.12
      '@next/swc-linux-x64-musl': 13.4.12
      '@next/swc-win32-arm64-msvc': 13.4.12
      '@next/swc-win32-ia32-msvc': 13.4.12
      '@next/swc-win32-x64-msvc': 13.4.12
    transitivePeerDependencies:
      - '@babel/core'
      - babel-plugin-macros
  /postcss-import@14.1.0(postcss@8.4.27):
    resolution:
      integrity: >-
        sha512-flwI+Vgm4SElObFVPpTIT7SU7R3qk2L7PyduMcokiaVKuWv9d/U+Gm/QAd8NDLuykTWTkcrjOeD2Pp1rMeBTGw==
    engines:
      node: '>=10.0.0'
    peerDependencies:
      postcss: ^8.0.0
    dependencies:
      postcss: 8.4.27
      postcss-value-parser: 4.2.0
      read-cache: 1.0.0
      resolve: 1.22.2
  /postcss@8.4.27:
    resolution:
      integrity: >-
        sha512-gY/ACJtJPSmUFPDCHtX78+01fHa64FaU4zaaWfuh1MhGJISufJAH4cun6k/8fwsHYeK4UQmENQK+tRLCFJE8JQ==
    engines:
      node: ^10 || ^12 || >=14
    dependencies:
      nanoid: 3.3.6
      picocolors: 1.0.0
      source-map-js: 1.0.2
  /prettier@3.0.0:
    resolution:
      integrity: >-
        sha512-zBf5eHpwHOGPC47h0zrPyNn+eAEIdEzfywMoYn2XPi0P44Zp0tSq64rq0xAREh4auw2cJZHo9QUob+NqCQky4g==
    engines:
      node: '>=14'
    hasBin: true
    dev: true
  /react-dom@18.2.0(react@18.2.0):
    resolution:
      integrity: >-
        sha512-6IMTriUmvsjHUjNtEDudZfuDQUoWXVxKHhlEGSk81n4YFS+r/Kl99wXiwlVXtPBtJenozv2P+hxDsw9eA7Xo6g==
    peerDependencies:
      react: ^18.2.0
    dependencies:
      loose-envify: 1.4.0
      react: 18.2.0
      scheduler: 0.23.0
  /react-tooltip@4.5.1(react-dom@18.2.0)(react@18.2.0):
    resolution:
      integrity: >-
        sha512-Zo+CSFUGXar1uV+bgXFFDe7VeS2iByeIp5rTgTcc2HqtuOS5D76QapejNNfx320MCY91TlhTQat36KGFTqgcvw==
    engines:
      npm: '>=6.13'
    peerDependencies:
      react: '>=16.0.0'
      react-dom: '>=16.0.0'
    dependencies:
      prop-types: 15.8.1
      react: 18.2.0
      react-dom: 18.2.0(react@18.2.0)
      uuid: 7.0.3
  /react@18.2.0:
    resolution:
      integrity: >-
        sha512-/3IjMdb2L9QbBdWiW5e3P2/npwMBaU9mHCSCUzNln0ZCYbcfTsGbTJrU/kGemdH2IWmB2ioZ+zkxtmq6g09fGQ==
    engines:
      node: '>=0.10.0'
    dependencies:
      loose-envify: 1.4.0
  /rimraf@3.0.2:
    resolution:
      integrity: >-
        sha512-JZkJMZkAGFFPP2YqXZXPbMlMBgsxzE8ILs4lMIX/2o0L9UBw9O/Y3o6wFw/i9YLapcUJWwqbi3kdxIPdC62TIA==
    hasBin: true
    dependencies:
      glob: 7.2.3
  /semver@7.5.4:
    resolution:
      integrity: >-
        sha512-1bCSESV6Pv+i21Hvpxp3Dx+pSD8lIPt8uVjRrxAUt/nbswYc+tK6Y2btiULjd4+fnq15PX+nqQDC7Oft7WkwcA==
    engines:
      node: '>=10'
    hasBin: true
    dependencies:
      lru-cache: 6.0.0
  /stylelint-config-recommended@3.0.0(stylelint@13.13.1):
    resolution:
      integrity: >-
        sha512-F6yTRuc06xr1h5Qw/ykb2LuFynJ2IxkKfCMf+1xqPffkxh0S09Zc902XCffcsw/XMFq/OzQ1w54fLIDtmRNHnQ==
    peerDependencies:
      stylelint: '>=10.1.0'
    dependencies:
      stylelint: 13.13.1
    dev: true
  /stylelint@13.13.1:
    resolution:
      integrity: >-
        sha512-Mv+BQr5XTUrKqAXmpqm6Ddli6Ief+AiPZkRsIrAoUKFuq/ElkUh9ZMYxXD0iQNZ5ADghZKLOWz1h7hTClB7zgQ==
    engines:
      node: '>=10.13.0'
    hasBin: true
    dependencies:
      '@stylelint/postcss-css-in-js': 0.37.3(postcss-syntax@0.36.2)(postcss@7.0.39)
      '@stylelint/postcss-markdown': 0.36.2(postcss-syntax@0.36.2)(postcss@7.0.39)
      autoprefixer: 9.8.8
      balanced-match: 2.0.0
      chalk: 4.1.2
      cosmiconfig: 7.1.0
      debug: 4.3.4
      execall: 2.0.0
      fast-glob: 3.3.1
      fastest-levenshtein: 1.0.16
      file-entry-cache: 6.0.1
      get-stdin: 8.0.0
      global-modules: 2.0.0
      globby: 11.1.0
      globjoin: 0.1.4
      html-tags: 3.3.1
      ignore: 5.2.4
      import-lazy: 4.0.0
      imurmurhash: 0.1.4
      known-css-properties: 0.21.0
      lodash: 4.17.21
      log-symbols: 4.1.0
      mathml-tag-names: 2.1.3
      meow: 9.0.0
      micromatch: 4.0.5
      normalize-selector: 0.2.0
      postcss: 7.0.39
      postcss-html: 0.36.0(postcss-syntax@0.36.2)(postcss@7.0.39)
      postcss-less: 3.1.4
      postcss-media-query-parser: 0.2.3
      postcss-resolve-nested-selector: 0.1.1
      postcss-safe-parser: 4.0.2
      postcss-sass: 0.4.4
      postcss-scss: 2.1.1
      postcss-selector-parser: 6.0.13
      postcss-syntax: 0.36.2(postcss@8.4.27)
      postcss-value-parser: 4.2.0
      resolve-from: 5.0.0
      slash: 3.0.0
      specificity: 0.4.1
      string-width: 4.2.3
      strip-ansi: 6.0.1
      style-search: 0.1.0
      sugarss: 2.0.0
      svg-tags: 1.0.0
      table: 6.8.1
      v8-compile-cache: 2.3.0
      write-file-atomic: 3.0.3
    transitivePeerDependencies:
      - postcss-jsx
      - postcss-markdown
      - supports-color
    dev: true
  /tailwindcss-rtl@0.9.0:
    resolution:
      integrity: >-
        sha512-y7yC8QXjluDBEFMSX33tV6xMYrf0B3sa+tOB5JSQb6/G6laBU313a+Z+qxu55M1Qyn8tDMttjomsA8IsJD+k+w==
  /tailwindcss@3.3.3(ts-node@10.2.1):
    resolution:
      integrity: >-
        sha512-A0KgSkef7eE4Mf+nKJ83i75TMyq8HqY3qmFIJSWy8bNt0v1lG7jUcpGpoTFxAwYcWOphcTBLPPJg+bDfhDf52w==
    engines:
      node: '>=14.0.0'
    hasBin: true
    dependencies:
      '@alloc/quick-lru': 5.2.0
      arg: 5.0.2
      chokidar: 3.5.3
      didyoumean: 1.2.2
      dlv: 1.1.3
      fast-glob: 3.3.1
      glob-parent: 6.0.2
      is-glob: 4.0.3
      jiti: 1.19.1
      lilconfig: 2.1.0
      micromatch: 4.0.5
      normalize-path: 3.0.0
      object-hash: 3.0.0
      picocolors: 1.0.0
      postcss: 8.4.27
      postcss-import: 15.1.0(postcss@8.4.27)
      postcss-js: 4.0.1(postcss@8.4.27)
      postcss-load-config: 4.0.1(postcss@8.4.27)(ts-node@10.2.1)
      postcss-nested: 6.0.1(postcss@8.4.27)
      postcss-selector-parser: 6.0.13
      resolve: 1.22.2
      sucrase: 3.34.0
    transitivePeerDependencies:
      - ts-node
  /typescript@5.0.4:
    resolution:
      integrity: >-
        sha512-cW9T5W9xY37cc+jfEnaUvX91foxtHkza3Nw3wkoF4sSlKn0MONdkdEndig/qPBWXNkmplh3NzayQzCiHM4/hqw==
    engines:
      node: '>=12.20'
    hasBin: true
    dev: true
